
Microsoft Visual Studio Solution File, Format Version 12.00
# Visual Studio Version 17
VisualStudioVersion = 17.5.002.0
MinimumVisualStudioVersion = 10.0.40219.1
Project("{2150E333-8FDC-42A3-9474-1A3956D46DE8}") = "csharp-prep", "csharp-prep", "{39A04B77-3672-4338-A076-3317EED83C5B}"
EndProject
Project("{9A19103F-16F7-4668-BE54-9A1E7A4F7556}") = "Prep1", "csharp-prep\Prep1\Prep1.csproj", "{56314826-7FCA-4F56-B5D7-E564B7D71045}"
EndProject
Project("{9A19103F-16F7-4668-BE54-9A1E7A4F7556}") = "Prep2", "csharp-prep\Prep2\Prep2.csproj", "{CF838A45-E922-4F66-9F96-00B90CB23C19}"
EndProject
Project("{9A19103F-16F7-4668-BE54-9A1E7A4F7556}") = "Prep3", "csharp-prep\Prep3\Prep3.csproj", "{61DD0427-AA22-47D3-A02B-5B88A0924C04}"
EndProject
Project("{9A19103F-16F7-4668-BE54-9A1E7A4F7556}") = "Prep4", "csharp-prep\Prep4\Prep4.csproj", "{0A4CBC4B-372F-42A5-B470-DE5DA0F85677}"
EndProject
Project("{9A19103F-16F7-4668-BE54-9A1E7A4F7556}") = "Prep5", "csharp-prep\Prep5\Prep5.csproj", "{6E81662B-647D-4C11-AC31-E45CE1483A04}"
EndProject
Project("{2150E333-8FDC-42A3-9474-1A3956D46DE8}") = "final", "final", "{D66F49B4-FC5E-4905-B4EE-4607A2651AA6}"
EndProject
Project("{9A19103F-16F7-4668-BE54-9A1E7A4F7556}") = "FinalProject", "final\FinalProject\FinalProject.csproj", "{A1D81316-7BFB-40EC-911D-E5E6EEEA8BCC}"
EndProject
Project("{9A19103F-16F7-4668-BE54-9A1E7A4F7556}") = "Foundation1", "final\Foundation1\Foundation1.csproj", "{CC9E15AD-3E2C-484A-A907-CE67F42BB0E4}"
EndProject
Project("{9A19103F-16F7-4668-BE54-9A1E7A4F7556}") = "Foundation2", "final\Foundation2\Foundation2.csproj", "{98EA2977-3DA6-490C-A280-B8C4240C8DB8}"
EndProject
Project("{9A19103F-16F7-4668-BE54-9A1E7A4F7556}") = "Foundation3", "final\Foundation3\Foundation3.csproj", "{4FE6597C-DCCD-4E20-B2C9-F1252AFFD71E}"
EndProject
Project("{9A19103F-16F7-4668-BE54-9A1E7A4F7556}") = "Foundation4", "final\Foundation4\Foundation4.csproj", "{DB6184E0-865D-4F69-8F09-792B1EC65B1E}"
EndProject
Project("{2150E333-8FDC-42A3-9474-1A3956D46DE8}") = "prepare", "prepare", "{8C803D14-530F-48F5-8C08-2FB463F84BA0}"
EndProject
Project("{9A19103F-16F7-4668-BE54-9A1E7A4F7556}") = "Learning02", "prepare\Learning02\Learning02.csproj", "{4C1EC522-2E41-469F-B0E1-85AE169BF77B}"
EndProject
Project("{9A19103F-16F7-4668-BE54-9A1E7A4F7556}") = "Learning03", "prepare\Learning03\Learning03.csproj", "{1D99D9B0-A590-41FA-9772-FC69C6779E4A}"
EndProject
Project("{9A19103F-16F7-4668-BE54-9A1E7A4F7556}") = "Learning04", "prepare\Learning04\Learning04.csproj", "{077DBFD5-A222-4B6B-AB67-A7F3647324FA}"
EndProject
Project("{9A19103F-16F7-4668-BE54-9A1E7A4F7556}") = "Learning05", "prepare\Learning05\Learning05.csproj", "{6756926A-DE21-4F35-B4B2-3768CE7FF076}"
EndProject
Project("{2150E333-8FDC-42A3-9474-1A3956D46DE8}") = "prove", "prove", "{113B9386-FCFD-4D54-91A3-E4BD312F37EF}"
EndProject
Project("{9A19103F-16F7-4668-BE54-9A1E7A4F7556}") = "Develop02", "prove\Develop02\Develop02.csproj", "{616255D5-E9AB-4A86-BAD9-500CCFFC677B}"
EndProject
Project("{9A19103F-16F7-4668-BE54-9A1E7A4F7556}") = "Develop03", "prove\Develop03\Develop03.csproj", "{88EFA5AA-B780-458E-BE1F-52004B7F30FF}"
EndProject
Project("{9A19103F-16F7-4668-BE54-9A1E7A4F7556}") = "Develop04", "prove\Develop04\Develop04.csproj", "{B3FBFED9-7A36-4F7C-8362-36FB54ED50CD}"
EndProject
Project("{9A19103F-16F7-4668-BE54-9A1E7A4F7556}") = "Develop05", "prove\Develop05\Develop05.csproj", "{0D3FCB31-91BA-4E6D-8972-423091572781}"
EndProject
Project("{2150E333-8FDC-42A3-9474-1A3956D46DE8}") = "sandbox", "sandbox", "{32B812FB-A983-4C86-8FEF-2A0A4A1B4DC7}"
EndProject
Project("{9A19103F-16F7-4668-BE54-9A1E7A4F7556}") = "Sandbox", "sandbox\Sandbox\Sandbox.csproj", "{18300E5E-B36F-490A-8A34-988040B125FD}"
EndProject
Global
	GlobalSection(SolutionConfigurationPlatforms) = preSolution
		Debug|Any CPU = Debug|Any CPU
		Release|Any CPU = Release|Any CPU
	EndGlobalSection
	GlobalSection(ProjectConfigurationPlatforms) = postSolution
		{56314826-7FCA-4F56-B5D7-E564B7D71045}.Debug|Any CPU.ActiveCfg = Debug|Any CPU
		{56314826-7FCA-4F56-B5D7-E564B7D71045}.Debug|Any CPU.Build.0 = Debug|Any CPU
		{56314826-7FCA-4F56-B5D7-E564B7D71045}.Release|Any CPU.ActiveCfg = Release|Any CPU
		{56314826-7FCA-4F56-B5D7-E564B7D71045}.Release|Any CPU.Build.0 = Release|Any CPU
		{CF838A45-E922-4F66-9F96-00B90CB23C19}.Debug|Any CPU.ActiveCfg = Debug|Any CPU
		{CF838A45-E922-4F66-9F96-00B90CB23C19}.Debug|Any CPU.Build.0 = Debug|Any CPU
		{CF838A45-E922-4F66-9F96-00B90CB23C19}.Release|Any CPU.ActiveCfg = Release|Any CPU
		{CF838A45-E922-4F66-9F96-00B90CB23C19}.Release|Any CPU.Build.0 = Release|Any CPU
		{61DD0427-AA22-47D3-A02B-5B88A0924C04}.Debug|Any CPU.ActiveCfg = Debug|Any CPU
		{61DD0427-AA22-47D3-A02B-5B88A0924C04}.Debug|Any CPU.Build.0 = Debug|Any CPU
		{61DD0427-AA22-47D3-A02B-5B88A0924C04}.Release|Any CPU.ActiveCfg = Release|Any CPU
		{61DD0427-AA22-47D3-A02B-5B88A0924C04}.Release|Any CPU.Build.0 = Release|Any CPU
		{0A4CBC4B-372F-42A5-B470-DE5DA0F85677}.Debug|Any CPU.ActiveCfg = Debug|Any CPU
		{0A4CBC4B-372F-42A5-B470-DE5DA0F85677}.Debug|Any CPU.Build.0 = Debug|Any CPU
		{0A4CBC4B-372F-42A5-B470-DE5DA0F85677}.Release|Any CPU.ActiveCfg = Release|Any CPU
		{0A4CBC4B-372F-42A5-B470-DE5DA0F85677}.Release|Any CPU.Build.0 = Release|Any CPU
		{6E81662B-647D-4C11-AC31-E45CE1483A04}.Debug|Any CPU.ActiveCfg = Debug|Any CPU
		{6E81662B-647D-4C11-AC31-E45CE1483A04}.Debug|Any CPU.Build.0 = Debug|Any CPU
		{6E81662B-647D-4C11-AC31-E45CE1483A04}.Release|Any CPU.ActiveCfg = Release|Any CPU
		{6E81662B-647D-4C11-AC31-E45CE1483A04}.Release|Any CPU.Build.0 = Release|Any CPU
		{A1D81316-7BFB-40EC-911D-E5E6EEEA8BCC}.Debug|Any CPU.ActiveCfg = Debug|Any CPU
		{A1D81316-7BFB-40EC-911D-E5E6EEEA8BCC}.Debug|Any CPU.Build.0 = Debug|Any CPU
		{A1D81316-7BFB-40EC-911D-E5E6EEEA8BCC}.Release|Any CPU.ActiveCfg = Release|Any CPU
		{A1D81316-7BFB-40EC-911D-E5E6EEEA8BCC}.Release|Any CPU.Build.0 = Release|Any CPU
		{CC9E15AD-3E2C-484A-A907-CE67F42BB0E4}.Debug|Any CPU.ActiveCfg = Debug|Any CPU
		{CC9E15AD-3E2C-484A-A907-CE67F42BB0E4}.Debug|Any CPU.Build.0 = Debug|Any CPU
		{CC9E15AD-3E2C-484A-A907-CE67F42BB0E4}.Release|Any CPU.ActiveCfg = Release|Any CPU
		{CC9E15AD-3E2C-484A-A907-CE67F42BB0E4}.Release|Any CPU.Build.0 = Release|Any CPU
		{98EA2977-3DA6-490C-A280-B8C4240C8DB8}.Debug|Any CPU.ActiveCfg = Debug|Any CPU
		{98EA2977-3DA6-490C-A280-B8C4240C8DB8}.Debug|Any CPU.Build.0 = Debug|Any CPU
		{98EA2977-3DA6-490C-A280-B8C4240C8DB8}.Release|Any CPU.ActiveCfg = Release|Any CPU
		{98EA2977-3DA6-490C-A280-B8C4240C8DB8}.Release|Any CPU.Build.0 = Release|Any CPU
		{4FE6597C-DCCD-4E20-B2C9-F1252AFFD71E}.Debug|Any CPU.ActiveCfg = Debug|Any CPU
		{4FE6597C-DCCD-4E20-B2C9-F1252AFFD71E}.Debug|Any CPU.Build.0 = Debug|Any CPU
		{4FE6597C-DCCD-4E20-B2C9-F1252AFFD71E}.Release|Any CPU.ActiveCfg = Release|Any CPU
		{4FE6597C-DCCD-4E20-B2C9-F1252AFFD71E}.Release|Any CPU.Build.0 = Release|Any CPU
		{DB6184E0-865D-4F69-8F09-792B1EC65B1E}.Debug|Any CPU.ActiveCfg = Debug|Any CPU
		{DB6184E0-865D-4F69-8F09-792B1EC65B1E}.Debug|Any CPU.Build.0 = Debug|Any CPU
		{DB6184E0-865D-4F69-8F09-792B1EC65B1E}.Release|Any CPU.ActiveCfg = Release|Any CPU
		{DB6184E0-865D-4F69-8F09-792B1EC65B1E}.Release|Any CPU.Build.0 = Release|Any CPU
		{4C1EC522-2E41-469F-B0E1-85AE169BF77B}.Debug|Any CPU.ActiveCfg = Debug|Any CPU
		{4C1EC522-2E41-469F-B0E1-85AE169BF77B}.Debug|Any CPU.Build.0 = Debug|Any CPU
		{4C1EC522-2E41-469F-B0E1-85AE169BF77B}.Release|Any CPU.ActiveCfg = Release|Any CPU
		{4C1EC522-2E41-469F-B0E1-85AE169BF77B}.Release|Any CPU.Build.0 = Release|Any CPU
		{1D99D9B0-A590-41FA-9772-FC69C6779E4A}.Debug|Any CPU.ActiveCfg = Debug|Any CPU
		{1D99D9B0-A590-41FA-9772-FC69C6779E4A}.Debug|Any CPU.Build.0 = Debug|Any CPU
		{1D99D9B0-A590-41FA-9772-FC69C6779E4A}.Release|Any CPU.ActiveCfg = Release|Any CPU
		{1D99D9B0-A590-41FA-9772-FC69C6779E4A}.Release|Any CPU.Build.0 = Release|Any CPU
		{077DBFD5-A222-4B6B-AB67-A7F3647324FA}.Debug|Any CPU.ActiveCfg = Debug|Any CPU
		{077DBFD5-A222-4B6B-AB67-A7F3647324FA}.Debug|Any CPU.Build.0 = Debug|Any CPU
		{077DBFD5-A222-4B6B-AB67-A7F3647324FA}.Release|Any CPU.ActiveCfg = Release|Any CPU
		{077DBFD5-A222-4B6B-AB67-A7F3647324FA}.Release|Any CPU.Build.0 = Release|Any CPU
		{6756926A-DE21-4F35-B4B2-3768CE7FF076}.Debug|Any CPU.ActiveCfg = Debug|Any CPU
		{6756926A-DE21-4F35-B4B2-3768CE7FF076}.Debug|Any CPU.Build.0 = Debug|Any CPU
		{6756926A-DE21-4F35-B4B2-3768CE7FF076}.Release|Any CPU.ActiveCfg = Release|Any CPU
		{6756926A-DE21-4F35-B4B2-3768CE7FF076}.Release|Any CPU.Build.0 = Release|Any CPU
		{616255D5-E9AB-4A86-BAD9-500CCFFC677B}.Debug|Any CPU.ActiveCfg = Debug|Any CPU
		{616255D5-E9AB-4A86-BAD9-500CCFFC677B}.Debug|Any CPU.Build.0 = Debug|Any CPU
		{616255D5-E9AB-4A86-BAD9-500CCFFC677B}.Release|Any CPU.ActiveCfg = Release|Any CPU
		{616255D5-E9AB-4A86-BAD9-500CCFFC677B}.Release|Any CPU.Build.0 = Release|Any CPU
		{88EFA5AA-B780-458E-BE1F-52004B7F30FF}.Debug|Any CPU.ActiveCfg = Debug|Any CPU
		{88EFA5AA-B780-458E-BE1F-52004B7F30FF}.Debug|Any CPU.Build.0 = Debug|Any CPU
		{88EFA5AA-B780-458E-BE1F-52004B7F30FF}.Release|Any CPU.ActiveCfg = Release|Any CPU
		{88EFA5AA-B780-458E-BE1F-52004B7F30FF}.Release|Any CPU.Build.0 = Release|Any CPU
		{B3FBFED9-7A36-4F7C-8362-36FB54ED50CD}.Debug|Any CPU.ActiveCfg = Debug|Any CPU
		{B3FBFED9-7A36-4F7C-8362-36FB54ED50CD}.Debug|Any CPU.Build.0 = Debug|Any CPU
		{B3FBFED9-7A36-4F7C-8362-36FB54ED50CD}.Release|Any CPU.ActiveCfg = Release|Any CPU
		{B3FBFED9-7A36-4F7C-8362-36FB54ED50CD}.Release|Any CPU.Build.0 = Release|Any CPU
		{0D3FCB31-91BA-4E6D-8972-423091572781}.Debug|Any CPU.ActiveCfg = Debug|Any CPU
		{0D3FCB31-91BA-4E6D-8972-423091572781}.Debug|Any CPU.Build.0 = Debug|Any CPU
		{0D3FCB31-91BA-4E6D-8972-423091572781}.Release|Any CPU.ActiveCfg = Release|Any CPU
		{0D3FCB31-91BA-4E6D-8972-423091572781}.Release|Any CPU.Build.0 = Release|Any CPU
		{18300E5E-B36F-490A-8A34-988040B125FD}.Debug|Any CPU.ActiveCfg = Debug|Any CPU
		{18300E5E-B36F-490A-8A34-988040B125FD}.Debug|Any CPU.Build.0 = Debug|Any CPU
		{18300E5E-B36F-490A-8A34-988040B125FD}.Release|Any CPU.ActiveCfg = Release|Any CPU
		{18300E5E-B36F-490A-8A34-988040B125FD}.Release|Any CPU.Build.0 = Release|Any CPU
	EndGlobalSection
	GlobalSection(SolutionProperties) = preSolution
		HideSolutionNode = FALSE
	EndGlobalSection
	GlobalSection(NestedProjects) = preSolution
		{56314826-7FCA-4F56-B5D7-E564B7D71045} = {39A04B77-3672-4338-A076-3317EED83C5B}
		{CF838A45-E922-4F66-9F96-00B90CB23C19} = {39A04B77-3672-4338-A076-3317EED83C5B}
		{61DD0427-AA22-47D3-A02B-5B88A0924C04} = {39A04B77-3672-4338-A076-3317EED83C5B}
		{0A4CBC4B-372F-42A5-B470-DE5DA0F85677} = {39A04B77-3672-4338-A076-3317EED83C5B}
		{6E81662B-647D-4C11-AC31-E45CE1483A04} = {39A04B77-3672-4338-A076-3317EED83C5B}
		{A1D81316-7BFB-40EC-911D-E5E6EEEA8BCC} = {D66F49B4-FC5E-4905-B4EE-4607A2651AA6}
		{CC9E15AD-3E2C-484A-A907-CE67F42BB0E4} = {D66F49B4-FC5E-4905-B4EE-4607A2651AA6}
		{98EA2977-3DA6-490C-A280-B8C4240C8DB8} = {D66F49B4-FC5E-4905-B4EE-4607A2651AA6}
		{4FE6597C-DCCD-4E20-B2C9-F1252AFFD71E} = {D66F49B4-FC5E-4905-B4EE-4607A2651AA6}
		{DB6184E0-865D-4F69-8F09-792B1EC65B1E} = {D66F49B4-FC5E-4905-B4EE-4607A2651AA6}
		{4C1EC522-2E41-469F-B0E1-85AE169BF77B} = {8C803D14-530F-48F5-8C08-2FB463F84BA0}
		{1D99D9B0-A590-41FA-9772-FC69C6779E4A} = {8C803D14-530F-48F5-8C08-2FB463F84BA0}
		{077DBFD5-A222-4B6B-AB67-A7F3647324FA} = {8C803D14-530F-48F5-8C08-2FB463F84BA0}
		{6756926A-DE21-4F35-B4B2-3768CE7FF076} = {8C803D14-530F-48F5-8C08-2FB463F84BA0}
		{616255D5-E9AB-4A86-BAD9-500CCFFC677B} = {113B9386-FCFD-4D54-91A3-E4BD312F37EF}
		{88EFA5AA-B780-458E-BE1F-52004B7F30FF} = {113B9386-FCFD-4D54-91A3-E4BD312F37EF}
		{B3FBFED9-7A36-4F7C-8362-36FB54ED50CD} = {113B9386-FCFD-4D54-91A3-E4BD312F37EF}
		{0D3FCB31-91BA-4E6D-8972-423091572781} = {113B9386-FCFD-4D54-91A3-E4BD312F37EF}
		{18300E5E-B36F-490A-8A34-988040B125FD} = {32B812FB-A983-4C86-8FEF-2A0A4A1B4DC7}
	EndGlobalSection
	GlobalSection(ExtensibilityGlobals) = postSolution
		SolutionGuid = {D5CDC885-4370-4A60-AB3F-B10FD9F0999D}
	EndGlobalSection
EndGlobal
